// !$*UTF8*$!
{
	archiveVersion = 1;
	classes = {
	};
	objectVersion = 50;
	objects = {

/* Begin PBXBuildFile section */
		18DD658E2583FDD000C5EDF5 /* AppDelegate.swift in Sources */ = {isa = PBXBuildFile; fileRef = 18DD658D2583FDD000C5EDF5 /* AppDelegate.swift */; };
		18DD65902583FDD000C5EDF5 /* SceneDelegate.swift in Sources */ = {isa = PBXBuildFile; fileRef = 18DD658F2583FDD000C5EDF5 /* SceneDelegate.swift */; };
		18DD65922583FDD000C5EDF5 /* ViewController.swift in Sources */ = {isa = PBXBuildFile; fileRef = 18DD65912583FDD000C5EDF5 /* ViewController.swift */; };
		18DD65952583FDD000C5EDF5 /* Main.storyboard in Resources */ = {isa = PBXBuildFile; fileRef = 18DD65932583FDD000C5EDF5 /* Main.storyboard */; };
		18DD65972583FDD100C5EDF5 /* Assets.xcassets in Resources */ = {isa = PBXBuildFile; fileRef = 18DD65962583FDD100C5EDF5 /* Assets.xcassets */; };
		18DD659A2583FDD100C5EDF5 /* LaunchScreen.storyboard in Resources */ = {isa = PBXBuildFile; fileRef = 18DD65982583FDD100C5EDF5 /* LaunchScreen.storyboard */; };
		18EF83842584CDF0004A1679 /* Posts.swift in Sources */ = {isa = PBXBuildFile; fileRef = 18EF83832584CDF0004A1679 /* Posts.swift */; };
		18EF83882584D4B2004A1679 /* PostCell.swift in Sources */ = {isa = PBXBuildFile; fileRef = 18EF83862584D4B2004A1679 /* PostCell.swift */; };
		18EF83892584D4B2004A1679 /* PostCell.xib in Resources */ = {isa = PBXBuildFile; fileRef = 18EF83872584D4B2004A1679 /* PostCell.xib */; };
		18EF838C2584FA9C004A1679 /* PostViewController.swift in Sources */ = {isa = PBXBuildFile; fileRef = 18EF838B2584FA9C004A1679 /* PostViewController.swift */; };
		18FF108625868AA1003C3457 /* DetailsViewController.swift in Sources */ = {isa = PBXBuildFile; fileRef = 18FF108525868AA1003C3457 /* DetailsViewController.swift */; };
/* End PBXBuildFile section */

/* Begin PBXFileReference section */
		18DD658A2583FDD000C5EDF5 /* KAAVA-sb.app */ = {isa = PBXFileReference; explicitFileType = wrapper.application; includeInIndex = 0; path = "KAAVA-sb.app"; sourceTree = BUILT_PRODUCTS_DIR; };
		18DD658D2583FDD000C5EDF5 /* AppDelegate.swift */ = {isa = PBXFileReference; lastKnownFileType = sourcecode.swift; path = AppDelegate.swift; sourceTree = "<group>"; };
		18DD658F2583FDD000C5EDF5 /* SceneDelegate.swift */ = {isa = PBXFileReference; lastKnownFileType = sourcecode.swift; path = SceneDelegate.swift; sourceTree = "<group>"; };
		18DD65912583FDD000C5EDF5 /* ViewController.swift */ = {isa = PBXFileReference; lastKnownFileType = sourcecode.swift; path = ViewController.swift; sourceTree = "<group>"; };
		18DD65942583FDD000C5EDF5 /* Base */ = {isa = PBXFileReference; lastKnownFileType = file.storyboard; name = Base; path = Base.lproj/Main.storyboard; sourceTree = "<group>"; };
		18DD65962583FDD100C5EDF5 /* Assets.xcassets */ = {isa = PBXFileReference; lastKnownFileType = folder.assetcatalog; path = Assets.xcassets; sourceTree = "<group>"; };
		18DD65992583FDD100C5EDF5 /* Base */ = {isa = PBXFileReference; lastKnownFileType = file.storyboard; name = Base; path = Base.lproj/LaunchScreen.storyboard; sourceTree = "<group>"; };
		18DD659B2583FDD100C5EDF5 /* Info.plist */ = {isa = PBXFileReference; lastKnownFileType = text.plist.xml; path = Info.plist; sourceTree = "<group>"; };
		18EF83832584CDF0004A1679 /* Posts.swift */ = {isa = PBXFileReference; lastKnownFileType = sourcecode.swift; path = Posts.swift; sourceTree = "<group>"; };
		18EF83862584D4B2004A1679 /* PostCell.swift */ = {isa = PBXFileReference; lastKnownFileType = sourcecode.swift; path = PostCell.swift; sourceTree = "<group>"; };
		18EF83872584D4B2004A1679 /* PostCell.xib */ = {isa = PBXFileReference; lastKnownFileType = file.xib; path = PostCell.xib; sourceTree = "<group>"; };
		18EF838B2584FA9C004A1679 /* PostViewController.swift */ = {isa = PBXFileReference; lastKnownFileType = sourcecode.swift; path = PostViewController.swift; sourceTree = "<group>"; };
		18FF108525868AA1003C3457 /* DetailsViewController.swift */ = {isa = PBXFileReference; lastKnownFileType = sourcecode.swift; path = DetailsViewController.swift; sourceTree = "<group>"; };
/* End PBXFileReference section */

/* Begin PBXFrameworksBuildPhase section */
		18DD65872583FDD000C5EDF5 /* Frameworks */ = {
			isa = PBXFrameworksBuildPhase;
			buildActionMask = 2147483647;
			files = (
			);
			runOnlyForDeploymentPostprocessing = 0;
		};
/* End PBXFrameworksBuildPhase section */

/* Begin PBXGroup section */
		18DD65812583FDD000C5EDF5 = {
			isa = PBXGroup;
			children = (
				18DD658C2583FDD000C5EDF5 /* KAAVA-sb */,
				18DD658B2583FDD000C5EDF5 /* Products */,
			);
			sourceTree = "<group>";
		};
		18DD658B2583FDD000C5EDF5 /* Products */ = {
			isa = PBXGroup;
			children = (
				18DD658A2583FDD000C5EDF5 /* KAAVA-sb.app */,
			);
			name = Products;
			sourceTree = "<group>";
		};
		18DD658C2583FDD000C5EDF5 /* KAAVA-sb */ = {
			isa = PBXGroup;
			children = (
				18EF837C2584CC2D004A1679 /* Model */,
				18EF837D2584CC33004A1679 /* View */,
				18EF837E2584CC38004A1679 /* Controller */,
				18DD658D2583FDD000C5EDF5 /* AppDelegate.swift */,
				18DD658F2583FDD000C5EDF5 /* SceneDelegate.swift */,
				18DD65962583FDD100C5EDF5 /* Assets.xcassets */,
				18DD65982583FDD100C5EDF5 /* LaunchScreen.storyboard */,
				18DD659B2583FDD100C5EDF5 /* Info.plist */,
			);
			path = "KAAVA-sb";
			sourceTree = "<group>";
		};
		18EF837C2584CC2D004A1679 /* Model */ = {
			isa = PBXGroup;
			children = (
				18EF83832584CDF0004A1679 /* Posts.swift */,
			);
			path = Model;
			sourceTree = "<group>";
		};
		18EF837D2584CC33004A1679 /* View */ = {
			isa = PBXGroup;
			children = (
				18DD65932583FDD000C5EDF5 /* Main.storyboard */,
				18EF83862584D4B2004A1679 /* PostCell.swift */,
				18EF83872584D4B2004A1679 /* PostCell.xib */,
			);
			path = View;
			sourceTree = "<group>";
		};
		18EF837E2584CC38004A1679 /* Controller */ = {
			isa = PBXGroup;
			children = (
				18DD65912583FDD000C5EDF5 /* ViewController.swift */,
				18EF838B2584FA9C004A1679 /* PostViewController.swift */,
				18FF108525868AA1003C3457 /* DetailsViewController.swift */,
			);
			path = Controller;
			sourceTree = "<group>";
		};
/* End PBXGroup section */

/* Begin PBXNativeTarget section */
		18DD65892583FDD000C5EDF5 /* KAAVA-sb */ = {
			isa = PBXNativeTarget;
			buildConfigurationList = 18DD659E2583FDD100C5EDF5 /* Build configuration list for PBXNativeTarget "KAAVA-sb" */;
			buildPhases = (
				18DD65862583FDD000C5EDF5 /* Sources */,
				18DD65872583FDD000C5EDF5 /* Frameworks */,
				18DD65882583FDD000C5EDF5 /* Resources */,
			);
			buildRules = (
			);
			dependencies = (
			);
			name = "KAAVA-sb";
			productName = "KAAVA-sb";
			productReference = 18DD658A2583FDD000C5EDF5 /* KAAVA-sb.app */;
			productType = "com.apple.product-type.application";
		};
/* End PBXNativeTarget section */

/* Begin PBXProject section */
		18DD65822583FDD000C5EDF5 /* Project object */ = {
			isa = PBXProject;
			attributes = {
				LastSwiftUpdateCheck = 1220;
				LastUpgradeCheck = 1220;
				TargetAttributes = {
					18DD65892583FDD000C5EDF5 = {
						CreatedOnToolsVersion = 12.2;
					};
				};
			};
			buildConfigurationList = 18DD65852583FDD000C5EDF5 /* Build configuration list for PBXProject "KAAVA-sb" */;
			compatibilityVersion = "Xcode 9.3";
			developmentRegion = en;
			hasScannedForEncodings = 0;
			knownRegions = (
				en,
				Base,
			);
			mainGroup = 18DD65812583FDD000C5EDF5;
			productRefGroup = 18DD658B2583FDD000C5EDF5 /* Products */;
			projectDirPath = "";
			projectRoot = "";
			targets = (
				18DD65892583FDD000C5EDF5 /* KAAVA-sb */,
			);
		};
/* End PBXProject section */

/* Begin PBXResourcesBuildPhase section */
		18DD65882583FDD000C5EDF5 /* Resources */ = {
			isa = PBXResourcesBuildPhase;
			buildActionMask = 2147483647;
			files = (
				18DD659A2583FDD100C5EDF5 /* LaunchScreen.storyboard in Resources */,
				18DD65972583FDD100C5EDF5 /* Assets.xcassets in Resources */,
				18DD65952583FDD000C5EDF5 /* Main.storyboard in Resources */,
				18EF83892584D4B2004A1679 /* PostCell.xib in Resources */,
			);
			runOnlyForDeploymentPostprocessing = 0;
		};
/* End PBXResourcesBuildPhase section */

/* Begin PBXSourcesBuildPhase section */
		18DD65862583FDD000C5EDF5 /* Sources */ = {
			isa = PBXSourcesBuildPhase;
			buildActionMask = 2147483647;
			files = (
				18DD65922583FDD000C5EDF5 /* ViewController.swift in Sources */,
				18EF838C2584FA9C004A1679 /* PostViewController.swift in Sources */,
				18FF108625868AA1003C3457 /* DetailsViewController.swift in Sources */,
				18EF83842584CDF0004A1679 /* Posts.swift in Sources */,
				18DD658E2583FDD000C5EDF5 /* AppDelegate.swift in Sources */,
				18DD65902583FDD000C5EDF5 /* SceneDelegate.swift in Sources */,
				18EF83882584D4B2004A1679 /* PostCell.swift in Sources */,
			);
			runOnlyForDeploymentPostprocessing = 0;
		};
/* End PBXSourcesBuildPhase section */

/* Begin PBXVariantGroup section */
		18DD65932583FDD000C5EDF5 /* Main.storyboard */ = {
			isa = PBXVariantGroup;
			children = (
				18DD65942583FDD000C5EDF5 /* Base */,
			);
			name = Main.storyboard;
			sourceTree = "<group>";
		};
		18DD65982583FDD100C5EDF5 /* LaunchScreen.storyboard */ = {
			isa = PBXVariantGroup;
			children = (
				18DD65992583FDD100C5EDF5 /* Base */,
			);
			name = LaunchScreen.storyboard;
			sourceTree = "<group>";
		};
/* End PBXVariantGroup section */

/* Begin XCBuildConfiguration section */
		18DD659C2583FDD100C5EDF5 /* Debug */ = {
			isa = XCBuildConfiguration;
			buildSettings = {
				ALWAYS_SEARCH_USER_PATHS = NO;
				CLANG_ANALYZER_NONNULL = YES;
				CLANG_ANALYZER_NUMBER_OBJECT_CONVERSION = YES_AGGRESSIVE;
				CLANG_CXX_LANGUAGE_STANDARD = "gnu++14";
				CLANG_CXX_LIBRARY = "libc++";
				CLANG_ENABLE_MODULES = YES;
				CLANG_ENABLE_OBJC_ARC = YES;
				CLANG_ENABLE_OBJC_WEAK = YES;
				CLANG_WARN_BLOCK_CAPTURE_AUTORELEASING = YES;
				CLANG_WARN_BOOL_CONVERSION = YES;
				CLANG_WARN_COMMA = YES;
				CLANG_WARN_CONSTANT_CONVERSION = YES;
				CLANG_WARN_DEPRECATED_OBJC_IMPLEMENTATIONS = YES;
				CLANG_WARN_DIRECT_OBJC_ISA_USAGE = YES_ERROR;
				CLANG_WARN_DOCUMENTATION_COMMENTS = YES;
				CLANG_WARN_EMPTY_BODY = YES;
				CLANG_WARN_ENUM_CONVERSION = YES;
				CLANG_WARN_INFINITE_RECURSION = YES;
				CLANG_WARN_INT_CONVERSION = YES;
				CLANG_WARN_NON_LITERAL_NULL_CONVERSION = YES;
				CLANG_WARN_OBJC_IMPLICIT_RETAIN_SELF = YES;
				CLANG_WARN_OBJC_LITERAL_CONVERSION = YES;
				CLANG_WARN_OBJC_ROOT_CLASS = YES_ERROR;
				CLANG_WARN_QUOTED_INCLUDE_IN_FRAMEWORK_HEADER = YES;
				CLANG_WARN_RANGE_LOOP_ANALYSIS = YES;
				CLANG_WARN_STRICT_PROTOTYPES = YES;
				CLANG_WARN_SUSPICIOUS_MOVE = YES;
				CLANG_WARN_UNGUARDED_AVAILABILITY = YES_AGGRESSIVE;
				CLANG_WARN_UNREACHABLE_CODE = YES;
				CLANG_WARN__DUPLICATE_METHOD_MATCH = YES;
				COPY_PHASE_STRIP = NO;
				DEBUG_INFORMATION_FORMAT = dwarf;
				ENABLE_STRICT_OBJC_MSGSEND = YES;
				ENABLE_TESTABILITY = YES;
				GCC_C_LANGUAGE_STANDARD = gnu11;
				GCC_DYNAMIC_NO_PIC = NO;
				GCC_NO_COMMON_BLOCKS = YES;
				GCC_OPTIMIZATION_LEVEL = 0;
				GCC_PREPROCESSOR_DEFINITIONS = (
					"DEBUG=1",
					"$(inherited)",
				);
				GCC_WARN_64_TO_32_BIT_CONVERSION = YES;
				GCC_WARN_ABOUT_RETURN_TYPE = YES_ERROR;
				GCC_WARN_UNDECLARED_SELECTOR = YES;
				GCC_WARN_UNINITIALIZED_AUTOS = YES_AGGRESSIVE;
				GCC_WARN_UNUSED_FUNCTION = YES;
				GCC_WARN_UNUSED_VARIABLE = YES;
				IPHONEOS_DEPLOYMENT_TARGET = 14.2;
				MTL_ENABLE_DEBUG_INFO = INCLUDE_SOURCE;
				MTL_FAST_MATH = YES;
				ONLY_ACTIVE_ARCH = YES;
				SDKROOT = iphoneos;
				SWIFT_ACTIVE_COMPILATION_CONDITIONS = DEBUG;
				SWIFT_OPTIMIZATION_LEVEL = "-Onone";
			};
			name = Debug;
		};
		18DD659D2583FDD100C5EDF5 /* Release */ = {
			isa = XCBuildConfiguration;
			buildSettings = {
				ALWAYS_SEARCH_USER_PATHS = NO;
				CLANG_ANALYZER_NONNULL = YES;
				CLANG_ANALYZER_NUMBER_OBJECT_CONVERSION = YES_AGGRESSIVE;
				CLANG_CXX_LANGUAGE_STANDARD = "gnu++14";
				CLANG_CXX_LIBRARY = "libc++";
				CLANG_ENABLE_MODULES = YES;
				CLANG_ENABLE_OBJC_ARC = YES;
				CLANG_ENABLE_OBJC_WEAK = YES;
				CLANG_WARN_BLOCK_CAPTURE_AUTORELEASING = YES;
				CLANG_WARN_BOOL_CONVERSION = YES;
				CLANG_WARN_COMMA = YES;
				CLANG_WARN_CONSTANT_CONVERSION = YES;
				CLANG_WARN_DEPRECATED_OBJC_IMPLEMENTATIONS = YES;
				CLANG_WARN_DIRECT_OBJC_ISA_USAGE = YES_ERROR;
				CLANG_WARN_DOCUMENTATION_COMMENTS = YES;
				CLANG_WARN_EMPTY_BODY = YES;
				CLANG_WARN_ENUM_CONVERSION = YES;
				CLANG_WARN_INFINITE_RECURSION = YES;
				CLANG_WARN_INT_CONVERSION = YES;
				CLANG_WARN_NON_LITERAL_NULL_CONVERSION = YES;
				CLANG_WARN_OBJC_IMPLICIT_RETAIN_SELF = YES;
				CLANG_WARN_OBJC_LITERAL_CONVERSION = YES;
				CLANG_WARN_OBJC_ROOT_CLASS = YES_ERROR;
				CLANG_WARN_QUOTED_INCLUDE_IN_FRAMEWORK_HEADER = YES;
				CLANG_WARN_RANGE_LOOP_ANALYSIS = YES;
				CLANG_WARN_STRICT_PROTOTYPES = YES;
				CLANG_WARN_SUSPICIOUS_MOVE = YES;
				CLANG_WARN_UNGUARDED_AVAILABILITY = YES_AGGRESSIVE;
				CLANG_WARN_UNREACHABLE_CODE = YES;
				CLANG_WARN__DUPLICATE_METHOD_MATCH = YES;
				COPY_PHASE_STRIP = NO;
				DEBUG_INFORMATION_FORMAT = "dwarf-with-dsym";
				ENABLE_NS_ASSERTIONS = NO;
				ENABLE_STRICT_OBJC_MSGSEND = YES;
				GCC_C_LANGUAGE_STANDARD = gnu11;
				GCC_NO_COMMON_BLOCKS = YES;
				GCC_WARN_64_TO_32_BIT_CONVERSION = YES;
				GCC_WARN_ABOUT_RETURN_TYPE = YES_ERROR;
				GCC_WARN_UNDECLARED_SELECTOR = YES;
				GCC_WARN_UNINITIALIZED_AUTOS = YES_AGGRESSIVE;
				GCC_WARN_UNUSED_FUNCTION = YES;
				GCC_WARN_UNUSED_VARIABLE = YES;
				IPHONEOS_DEPLOYMENT_TARGET = 14.2;
				MTL_ENABLE_DEBUG_INFO = NO;
				MTL_FAST_MATH = YES;
				SDKROOT = iphoneos;
				SWIFT_COMPILATION_MODE = wholemodule;
				SWIFT_OPTIMIZATION_LEVEL = "-O";
				VALIDATE_PRODUCT = YES;
			};
			name = Release;
		};
		18DD659F2583FDD100C5EDF5 /* Debug */ = {
			isa = XCBuildConfiguration;
			buildSettings = {
				ASSETCATALOG_COMPILER_APPICON_NAME = AppIcon;
				ASSETCATALOG_COMPILER_GLOBAL_ACCENT_COLOR_NAME = AccentColor;
				CODE_SIGN_STYLE = Automatic;
				DEVELOPMENT_TEAM = A6TXNR8TL5;
				INFOPLIST_FILE = "KAAVA-sb/Info.plist";
				LD_RUNPATH_SEARCH_PATHS = (
					"$(inherited)",
					"@executable_path/Frameworks",
				);
				PRODUCT_BUNDLE_IDENTIFIER = "apple1.KAAVA-sb";
				PRODUCT_NAME = "$(TARGET_NAME)";
				SWIFT_VERSION = 5.0;
				TARGETED_DEVICE_FAMILY = "1,2";
			};
			name = Debug;
		};
		18DD65A02583FDD100C5EDF5 /* Release */ = {
			isa = XCBuildConfiguration;
			buildSettings = {
				ASSETCATALOG_COMPILER_APPICON_NAME = AppIcon;
				ASSETCATALOG_COMPILER_GLOBAL_ACCENT_COLOR_NAME = AccentColor;
				CODE_SIGN_STYLE = Automatic;
				DEVELOPMENT_TEAM = A6TXNR8TL5;
				INFOPLIST_FILE = "KAAVA-sb/Info.plist";
				LD_RUNPATH_SEARCH_PATHS = (
					"$(inherited)",
					"@executable_path/Frameworks",
				);
				PRODUCT_BUNDLE_IDENTIFIER = "apple1.KAAVA-sb";
				PRODUCT_NAME = "$(TARGET_NAME)";
				SWIFT_VERSION = 5.0;
				TARGETED_DEVICE_FAMILY = "1,2";
			};
			name = Release;
		};
/* End XCBuildConfiguration section */

/* Begin XCConfigurationList section */
		18DD65852583FDD000C5EDF5 /* Build configuration list for PBXProject "KAAVA-sb" */ = {
			isa = XCConfigurationList;
			buildConfigurations = (
				18DD659C2583FDD100C5EDF5 /* Debug */,
				18DD659D2583FDD100C5EDF5 /* Release */,
			);
			defaultConfigurationIsVisible = 0;
			defaultConfigurationName = Release;
		};
		18DD659E2583FDD100C5EDF5 /* Build configuration list for PBXNativeTarget "KAAVA-sb" */ = {
			isa = XCConfigurationList;
			buildConfigurations = (
				18DD659F2583FDD100C5EDF5 /* Debug */,
				18DD65A02583FDD100C5EDF5 /* Release */,
			);
			defaultConfigurationIsVisible = 0;
			defaultConfigurationName = Release;
		};
/* End XCConfigurationList section */
	};
	rootObject = 18DD65822583FDD000C5EDF5 /* Project object */;
}
